// !$*UTF8*$!
{
	archiveVersion = 1;
	classes = {
	};
	objectVersion = 46;
	objects = {

/* Begin PBXBuildFile section */
		8384D9441AB3A9C000C8561B /* main.m in Sources */ = {isa = PBXBuildFile; fileRef = 8384D9431AB3A9C000C8561B /* main.m */; };
		8384D9471AB3A9C000C8561B /* AppDelegate.m in Sources */ = {isa = PBXBuildFile; fileRef = 8384D9461AB3A9C000C8561B /* AppDelegate.m */; };
		8384D94A1AB3A9C000C8561B /* ViewController.m in Sources */ = {isa = PBXBuildFile; fileRef = 8384D9491AB3A9C000C8561B /* ViewController.m */; };
		8384D94D1AB3A9C000C8561B /* Main.storyboard in Resources */ = {isa = PBXBuildFile; fileRef = 8384D94B1AB3A9C000C8561B /* Main.storyboard */; };
		8384D94F1AB3A9C000C8561B /* Images.xcassets in Resources */ = {isa = PBXBuildFile; fileRef = 8384D94E1AB3A9C000C8561B /* Images.xcassets */; };
		8384D9521AB3A9C000C8561B /* LaunchScreen.xib in Resources */ = {isa = PBXBuildFile; fileRef = 8384D9501AB3A9C000C8561B /* LaunchScreen.xib */; };
		8384D95E1AB3A9C000C8561B /* HelloWorldPremiumTests.m in Sources */ = {isa = PBXBuildFile; fileRef = 8384D95D1AB3A9C000C8561B /* HelloWorldPremiumTests.m */; };
		8384D9691AB3A9CE00C8561B /* ViewController.m in Sources */ = {isa = PBXBuildFile; fileRef = 8384D9491AB3A9C000C8561B /* ViewController.m */; };
		8384D96A1AB3A9CE00C8561B /* AppDelegate.m in Sources */ = {isa = PBXBuildFile; fileRef = 8384D9461AB3A9C000C8561B /* AppDelegate.m */; };
		8384D96B1AB3A9CE00C8561B /* main.m in Sources */ = {isa = PBXBuildFile; fileRef = 8384D9431AB3A9C000C8561B /* main.m */; };
		8384D96E1AB3A9CE00C8561B /* Main.storyboard in Resources */ = {isa = PBXBuildFile; fileRef = 8384D94B1AB3A9C000C8561B /* Main.storyboard */; };
		8384D96F1AB3A9CE00C8561B /* LaunchScreen.xib in Resources */ = {isa = PBXBuildFile; fileRef = 8384D9501AB3A9C000C8561B /* LaunchScreen.xib */; };
		8384D9701AB3A9CE00C8561B /* Images.xcassets in Resources */ = {isa = PBXBuildFile; fileRef = 8384D94E1AB3A9C000C8561B /* Images.xcassets */; };
/* End PBXBuildFile section */

/* Begin PBXContainerItemProxy section */
		8384D9581AB3A9C000C8561B /* PBXContainerItemProxy */ = {
			isa = PBXContainerItemProxy;
			containerPortal = 8384D9361AB3A9BF00C8561B /* Project object */;
			proxyType = 1;
			remoteGlobalIDString = 8384D93D1AB3A9C000C8561B;
			remoteInfo = HelloWorldPremium;
		};
/* End PBXContainerItemProxy section */

/* Begin PBXFileReference section */
		8384D93E1AB3A9C000C8561B /* HelloWorldPremium.app */ = {isa = PBXFileReference; explicitFileType = wrapper.application; includeInIndex = 0; path = HelloWorldPremium.app; sourceTree = BUILT_PRODUCTS_DIR; };
		8384D9421AB3A9C000C8561B /* Info.plist */ = {isa = PBXFileReference; lastKnownFileType = text.plist.xml; path = Info.plist; sourceTree = "<group>"; };
		8384D9431AB3A9C000C8561B /* main.m */ = {isa = PBXFileReference; lastKnownFileType = sourcecode.c.objc; path = main.m; sourceTree = "<group>"; };
		8384D9451AB3A9C000C8561B /* AppDelegate.h */ = {isa = PBXFileReference; lastKnownFileType = sourcecode.c.h; path = AppDelegate.h; sourceTree = "<group>"; };
		8384D9461AB3A9C000C8561B /* AppDelegate.m */ = {isa = PBXFileReference; lastKnownFileType = sourcecode.c.objc; path = AppDelegate.m; sourceTree = "<group>"; };
		8384D9481AB3A9C000C8561B /* ViewController.h */ = {isa = PBXFileReference; lastKnownFileType = sourcecode.c.h; path = ViewController.h; sourceTree = "<group>"; };
		8384D9491AB3A9C000C8561B /* ViewController.m */ = {isa = PBXFileReference; lastKnownFileType = sourcecode.c.objc; path = ViewController.m; sourceTree = "<group>"; };
		8384D94C1AB3A9C000C8561B /* Base */ = {isa = PBXFileReference; lastKnownFileType = file.storyboard; name = Base; path = Base.lproj/Main.storyboard; sourceTree = "<group>"; };
		8384D94E1AB3A9C000C8561B /* Images.xcassets */ = {isa = PBXFileReference; lastKnownFileType = folder.assetcatalog; path = Images.xcassets; sourceTree = "<group>"; };
		8384D9511AB3A9C000C8561B /* Base */ = {isa = PBXFileReference; lastKnownFileType = file.xib; name = Base; path = Base.lproj/LaunchScreen.xib; sourceTree = "<group>"; };
		8384D9571AB3A9C000C8561B /* HelloWorldPremiumTests.xctest */ = {isa = PBXFileReference; explicitFileType = wrapper.cfbundle; includeInIndex = 0; path = HelloWorldPremiumTests.xctest; sourceTree = BUILT_PRODUCTS_DIR; };
		8384D95C1AB3A9C000C8561B /* Info.plist */ = {isa = PBXFileReference; lastKnownFileType = text.plist.xml; path = Info.plist; sourceTree = "<group>"; };
		8384D95D1AB3A9C000C8561B /* HelloWorldPremiumTests.m */ = {isa = PBXFileReference; lastKnownFileType = sourcecode.c.objc; path = HelloWorldPremiumTests.m; sourceTree = "<group>"; };
		8384D9741AB3A9CE00C8561B /* HelloWorldPremium copy.app */ = {isa = PBXFileReference; explicitFileType = wrapper.application; includeInIndex = 0; path = "HelloWorldPremium copy.app"; sourceTree = BUILT_PRODUCTS_DIR; };
		8384D9751AB3A9CE00C8561B /* HelloWorldPremium copy-Info.plist */ = {isa = PBXFileReference; lastKnownFileType = text.plist.xml; name = "HelloWorldPremium copy-Info.plist"; path = "/Users/chris/Projects/BBHelloWorldApp/iOS/HelloWorldPremium/HelloWorldPremium copy-Info.plist"; sourceTree = "<absolute>"; };
/* End PBXFileReference section */

/* Begin PBXFrameworksBuildPhase section */
		8384D93B1AB3A9C000C8561B /* Frameworks */ = {
			isa = PBXFrameworksBuildPhase;
			buildActionMask = 2147483647;
			files = (
			);
			runOnlyForDeploymentPostprocessing = 0;
		};
		8384D9541AB3A9C000C8561B /* Frameworks */ = {
			isa = PBXFrameworksBuildPhase;
			buildActionMask = 2147483647;
			files = (
			);
			runOnlyForDeploymentPostprocessing = 0;
		};
		8384D96C1AB3A9CE00C8561B /* Frameworks */ = {
			isa = PBXFrameworksBuildPhase;
			buildActionMask = 2147483647;
			files = (
			);
			runOnlyForDeploymentPostprocessing = 0;
		};
/* End PBXFrameworksBuildPhase section */

/* Begin PBXGroup section */
		8384D9351AB3A9BF00C8561B = {
			isa = PBXGroup;
			children = (
				8384D9401AB3A9C000C8561B /* HelloWorldPremium */,
				8384D95A1AB3A9C000C8561B /* HelloWorldPremiumTests */,
				8384D93F1AB3A9C000C8561B /* Products */,
				8384D9751AB3A9CE00C8561B /* HelloWorldPremium copy-Info.plist */,
			);
			sourceTree = "<group>";
		};
		8384D93F1AB3A9C000C8561B /* Products */ = {
			isa = PBXGroup;
			children = (
				8384D93E1AB3A9C000C8561B /* HelloWorldPremium.app */,
				8384D9571AB3A9C000C8561B /* HelloWorldPremiumTests.xctest */,
				8384D9741AB3A9CE00C8561B /* HelloWorldPremium copy.app */,
			);
			name = Products;
			sourceTree = "<group>";
		};
		8384D9401AB3A9C000C8561B /* HelloWorldPremium */ = {
			isa = PBXGroup;
			children = (
				8384D9451AB3A9C000C8561B /* AppDelegate.h */,
				8384D9461AB3A9C000C8561B /* AppDelegate.m */,
				8384D9481AB3A9C000C8561B /* ViewController.h */,
				8384D9491AB3A9C000C8561B /* ViewController.m */,
				8384D94B1AB3A9C000C8561B /* Main.storyboard */,
				8384D94E1AB3A9C000C8561B /* Images.xcassets */,
				8384D9501AB3A9C000C8561B /* LaunchScreen.xib */,
				8384D9411AB3A9C000C8561B /* Supporting Files */,
			);
			path = HelloWorldPremium;
			sourceTree = "<group>";
		};
		8384D9411AB3A9C000C8561B /* Supporting Files */ = {
			isa = PBXGroup;
			children = (
				8384D9421AB3A9C000C8561B /* Info.plist */,
				8384D9431AB3A9C000C8561B /* main.m */,
			);
			name = "Supporting Files";
			sourceTree = "<group>";
		};
		8384D95A1AB3A9C000C8561B /* HelloWorldPremiumTests */ = {
			isa = PBXGroup;
			children = (
				8384D95D1AB3A9C000C8561B /* HelloWorldPremiumTests.m */,
				8384D95B1AB3A9C000C8561B /* Supporting Files */,
			);
			path = HelloWorldPremiumTests;
			sourceTree = "<group>";
		};
		8384D95B1AB3A9C000C8561B /* Supporting Files */ = {
			isa = PBXGroup;
			children = (
				8384D95C1AB3A9C000C8561B /* Info.plist */,
			);
			name = "Supporting Files";
			sourceTree = "<group>";
		};
/* End PBXGroup section */

/* Begin PBXNativeTarget section */
		8384D93D1AB3A9C000C8561B /* HelloWorldPremium Paid */ = {
			isa = PBXNativeTarget;
			buildConfigurationList = 8384D9611AB3A9C000C8561B /* Build configuration list for PBXNativeTarget "HelloWorldPremium Paid" */;
			buildPhases = (
				8384D93A1AB3A9C000C8561B /* Sources */,
				8384D93B1AB3A9C000C8561B /* Frameworks */,
				8384D93C1AB3A9C000C8561B /* Resources */,
			);
			buildRules = (
			);
			dependencies = (
			);
			name = "HelloWorldPremium Paid";
			productName = HelloWorldPremium;
			productReference = 8384D93E1AB3A9C000C8561B /* HelloWorldPremium.app */;
			productType = "com.apple.product-type.application";
		};
		8384D9561AB3A9C000C8561B /* HelloWorldPremiumTests */ = {
			isa = PBXNativeTarget;
			buildConfigurationList = 8384D9641AB3A9C000C8561B /* Build configuration list for PBXNativeTarget "HelloWorldPremiumTests" */;
			buildPhases = (
				8384D9531AB3A9C000C8561B /* Sources */,
				8384D9541AB3A9C000C8561B /* Frameworks */,
				8384D9551AB3A9C000C8561B /* Resources */,
			);
			buildRules = (
			);
			dependencies = (
				8384D9591AB3A9C000C8561B /* PBXTargetDependency */,
			);
			name = HelloWorldPremiumTests;
			productName = HelloWorldPremiumTests;
			productReference = 8384D9571AB3A9C000C8561B /* HelloWorldPremiumTests.xctest */;
			productType = "com.apple.product-type.bundle.unit-test";
		};
		8384D9671AB3A9CE00C8561B /* HelloWorldPremium Free */ = {
			isa = PBXNativeTarget;
			buildConfigurationList = 8384D9711AB3A9CE00C8561B /* Build configuration list for PBXNativeTarget "HelloWorldPremium Free" */;
			buildPhases = (
				8384D9681AB3A9CE00C8561B /* Sources */,
				8384D96C1AB3A9CE00C8561B /* Frameworks */,
				8384D96D1AB3A9CE00C8561B /* Resources */,
			);
			buildRules = (
			);
			dependencies = (
			);
			name = "HelloWorldPremium Free";
			productName = HelloWorldPremium;
			productReference = 8384D9741AB3A9CE00C8561B /* HelloWorldPremium copy.app */;
			productType = "com.apple.product-type.application";
		};
/* End PBXNativeTarget section */

/* Begin PBXProject section */
		8384D9361AB3A9BF00C8561B /* Project object */ = {
			isa = PBXProject;
			attributes = {
				LastUpgradeCheck = 0620;
				ORGANIZATIONNAME = BB;
				TargetAttributes = {
					8384D93D1AB3A9C000C8561B = {
						CreatedOnToolsVersion = 6.2;
					};
					8384D9561AB3A9C000C8561B = {
						CreatedOnToolsVersion = 6.2;
						TestTargetID = 8384D93D1AB3A9C000C8561B;
					};
				};
			};
			buildConfigurationList = 8384D9391AB3A9C000C8561B /* Build configuration list for PBXProject "HelloWorldPremium" */;
			compatibilityVersion = "Xcode 3.2";
			developmentRegion = English;
			hasScannedForEncodings = 0;
			knownRegions = (
				en,
				Base,
			);
			mainGroup = 8384D9351AB3A9BF00C8561B;
			productRefGroup = 8384D93F1AB3A9C000C8561B /* Products */;
			projectDirPath = "";
			projectRoot = "";
			targets = (
				8384D93D1AB3A9C000C8561B /* HelloWorldPremium Paid */,
				8384D9561AB3A9C000C8561B /* HelloWorldPremiumTests */,
				8384D9671AB3A9CE00C8561B /* HelloWorldPremium Free */,
			);
		};
/* End PBXProject section */

/* Begin PBXResourcesBuildPhase section */
		8384D93C1AB3A9C000C8561B /* Resources */ = {
			isa = PBXResourcesBuildPhase;
			buildActionMask = 2147483647;
			files = (
				8384D94D1AB3A9C000C8561B /* Main.storyboard in Resources */,
				8384D9521AB3A9C000C8561B /* LaunchScreen.xib in Resources */,
				8384D94F1AB3A9C000C8561B /* Images.xcassets in Resources */,
			);
			runOnlyForDeploymentPostprocessing = 0;
		};
		8384D9551AB3A9C000C8561B /* Resources */ = {
			isa = PBXResourcesBuildPhase;
			buildActionMask = 2147483647;
			files = (
			);
			runOnlyForDeploymentPostprocessing = 0;
		};
		8384D96D1AB3A9CE00C8561B /* Resources */ = {
			isa = PBXResourcesBuildPhase;
			buildActionMask = 2147483647;
			files = (
				8384D96E1AB3A9CE00C8561B /* Main.storyboard in Resources */,
				8384D96F1AB3A9CE00C8561B /* LaunchScreen.xib in Resources */,
				8384D9701AB3A9CE00C8561B /* Images.xcassets in Resources */,
			);
			runOnlyForDeploymentPostprocessing = 0;
		};
/* End PBXResourcesBuildPhase section */

/* Begin PBXSourcesBuildPhase section */
		8384D93A1AB3A9C000C8561B /* Sources */ = {
			isa = PBXSourcesBuildPhase;
			buildActionMask = 2147483647;
			files = (
				8384D94A1AB3A9C000C8561B /* ViewController.m in Sources */,
				8384D9471AB3A9C000C8561B /* AppDelegate.m in Sources */,
				8384D9441AB3A9C000C8561B /* main.m in Sources */,
			);
			runOnlyForDeploymentPostprocessing = 0;
		};
		8384D9531AB3A9C000C8561B /* Sources */ = {
			isa = PBXSourcesBuildPhase;
			buildActionMask = 2147483647;
			files = (
				8384D95E1AB3A9C000C8561B /* HelloWorldPremiumTests.m in Sources */,
			);
			runOnlyForDeploymentPostprocessing = 0;
		};
		8384D9681AB3A9CE00C8561B /* Sources */ = {
			isa = PBXSourcesBuildPhase;
			buildActionMask = 2147483647;
			files = (
				8384D9691AB3A9CE00C8561B /* ViewController.m in Sources */,
				8384D96A1AB3A9CE00C8561B /* AppDelegate.m in Sources */,
				8384D96B1AB3A9CE00C8561B /* main.m in Sources */,
			);
			runOnlyForDeploymentPostprocessing = 0;
		};
/* End PBXSourcesBuildPhase section */

/* Begin PBXTargetDependency section */
		8384D9591AB3A9C000C8561B /* PBXTargetDependency */ = {
			isa = PBXTargetDependency;
			target = 8384D93D1AB3A9C000C8561B /* HelloWorldPremium Paid */;
			targetProxy = 8384D9581AB3A9C000C8561B /* PBXContainerItemProxy */;
		};
/* End PBXTargetDependency section */

/* Begin PBXVariantGroup section */
		8384D94B1AB3A9C000C8561B /* Main.storyboard */ = {
			isa = PBXVariantGroup;
			children = (
				8384D94C1AB3A9C000C8561B /* Base */,
			);
			name = Main.storyboard;
			sourceTree = "<group>";
		};
		8384D9501AB3A9C000C8561B /* LaunchScreen.xib */ = {
			isa = PBXVariantGroup;
			children = (
				8384D9511AB3A9C000C8561B /* Base */,
			);
			name = LaunchScreen.xib;
			sourceTree = "<group>";
		};
/* End PBXVariantGroup section */

/* Begin XCBuildConfiguration section */
		8384D95F1AB3A9C000C8561B /* Debug */ = {
			isa = XCBuildConfiguration;
			buildSettings = {
				ALWAYS_SEARCH_USER_PATHS = NO;
				CLANG_CXX_LANGUAGE_STANDARD = "gnu++0x";
				CLANG_CXX_LIBRARY = "libc++";
				CLANG_ENABLE_MODULES = YES;
				CLANG_ENABLE_OBJC_ARC = YES;
				CLANG_WARN_BOOL_CONVERSION = YES;
				CLANG_WARN_CONSTANT_CONVERSION = YES;
				CLANG_WARN_DIRECT_OBJC_ISA_USAGE = YES_ERROR;
				CLANG_WARN_EMPTY_BODY = YES;
				CLANG_WARN_ENUM_CONVERSION = YES;
				CLANG_WARN_INT_CONVERSION = YES;
				CLANG_WARN_OBJC_ROOT_CLASS = YES_ERROR;
				CLANG_WARN_UNREACHABLE_CODE = YES;
				CLANG_WARN__DUPLICATE_METHOD_MATCH = YES;
				"CODE_SIGN_IDENTITY[sdk=iphoneos*]" = "iPhone Developer";
				COPY_PHASE_STRIP = NO;
				ENABLE_STRICT_OBJC_MSGSEND = YES;
				GCC_C_LANGUAGE_STANDARD = gnu99;
				GCC_DYNAMIC_NO_PIC = NO;
				GCC_OPTIMIZATION_LEVEL = 0;
				GCC_PREPROCESSOR_DEFINITIONS = (
					"DEBUG=1",
					"$(inherited)",
				);
				GCC_SYMBOLS_PRIVATE_EXTERN = NO;
				GCC_WARN_64_TO_32_BIT_CONVERSION = YES;
				GCC_WARN_ABOUT_RETURN_TYPE = YES_ERROR;
				GCC_WARN_UNDECLARED_SELECTOR = YES;
				GCC_WARN_UNINITIALIZED_AUTOS = YES_AGGRESSIVE;
				GCC_WARN_UNUSED_FUNCTION = YES;
				GCC_WARN_UNUSED_VARIABLE = YES;
				IPHONEOS_DEPLOYMENT_TARGET = 8.2;
				MTL_ENABLE_DEBUG_INFO = YES;
				ONLY_ACTIVE_ARCH = YES;
				SDKROOT = iphoneos;
			};
			name = Debug;
		};
		8384D9601AB3A9C000C8561B /* Release */ = {
			isa = XCBuildConfiguration;
			buildSettings = {
				ALWAYS_SEARCH_USER_PATHS = NO;
				CLANG_CXX_LANGUAGE_STANDARD = "gnu++0x";
				CLANG_CXX_LIBRARY = "libc++";
				CLANG_ENABLE_MODULES = YES;
				CLANG_ENABLE_OBJC_ARC = YES;
				CLANG_WARN_BOOL_CONVERSION = YES;
				CLANG_WARN_CONSTANT_CONVERSION = YES;
				CLANG_WARN_DIRECT_OBJC_ISA_USAGE = YES_ERROR;
				CLANG_WARN_EMPTY_BODY = YES;
				CLANG_WARN_ENUM_CONVERSION = YES;
				CLANG_WARN_INT_CONVERSION = YES;
				CLANG_WARN_OBJC_ROOT_CLASS = YES_ERROR;
				CLANG_WARN_UNREACHABLE_CODE = YES;
				CLANG_WARN__DUPLICATE_METHOD_MATCH = YES;
				"CODE_SIGN_IDENTITY[sdk=iphoneos*]" = "iPhone Developer";
				COPY_PHASE_STRIP = NO;
				ENABLE_NS_ASSERTIONS = NO;
				ENABLE_STRICT_OBJC_MSGSEND = YES;
				GCC_C_LANGUAGE_STANDARD = gnu99;
				GCC_WARN_64_TO_32_BIT_CONVERSION = YES;
				GCC_WARN_ABOUT_RETURN_TYPE = YES_ERROR;
				GCC_WARN_UNDECLARED_SELECTOR = YES;
				GCC_WARN_UNINITIALIZED_AUTOS = YES_AGGRESSIVE;
				GCC_WARN_UNUSED_FUNCTION = YES;
				GCC_WARN_UNUSED_VARIABLE = YES;
				IPHONEOS_DEPLOYMENT_TARGET = 8.2;
				MTL_ENABLE_DEBUG_INFO = NO;
				SDKROOT = iphoneos;
				VALIDATE_PRODUCT = YES;
			};
			name = Release;
		};
		8384D9621AB3A9C000C8561B /* Debug */ = {
			isa = XCBuildConfiguration;
			buildSettings = {
				ASSETCATALOG_COMPILER_APPICON_NAME = AppIcon;
				INFOPLIST_FILE = HelloWorldPremium/Info.plist;
				LD_RUNPATH_SEARCH_PATHS = "$(inherited) @executable_path/Frameworks";
				PRODUCT_NAME = "$(TARGET_NAME)";
			};
			name = Debug;
		};
		8384D9631AB3A9C000C8561B /* Release */ = {
			isa = XCBuildConfiguration;
			buildSettings = {
				ASSETCATALOG_COMPILER_APPICON_NAME = AppIcon;
				INFOPLIST_FILE = HelloWorldPremium/Info.plist;
				LD_RUNPATH_SEARCH_PATHS = "$(inherited) @executable_path/Frameworks";
				PRODUCT_NAME = "$(TARGET_NAME)";
			};
			name = Release;
		};
		8384D9651AB3A9C000C8561B /* Debug */ = {
			isa = XCBuildConfiguration;
			buildSettings = {
				BUNDLE_LOADER = "$(TEST_HOST)";
				FRAMEWORK_SEARCH_PATHS = (
					"$(SDKROOT)/Developer/Library/Frameworks",
					"$(inherited)",
				);
				GCC_PREPROCESSOR_DEFINITIONS = (
					"DEBUG=1",
					"$(inherited)",
				);
				INFOPLIST_FILE = HelloWorldPremiumTests/Info.plist;
				LD_RUNPATH_SEARCH_PATHS = "$(inherited) @executable_path/Frameworks @loader_path/Frameworks";
				PRODUCT_NAME = "$(TARGET_NAME)";
				TEST_HOST = "$(BUILT_PRODUCTS_DIR)/HelloWorldPremium.app/HelloWorldPremium";
			};
			name = Debug;
		};
		8384D9661AB3A9C000C8561B /* Release */ = {
			isa = XCBuildConfiguration;
			buildSettings = {
				BUNDLE_LOADER = "$(TEST_HOST)";
				FRAMEWORK_SEARCH_PATHS = (
					"$(SDKROOT)/Developer/Library/Frameworks",
					"$(inherited)",
				);
				INFOPLIST_FILE = HelloWorldPremiumTests/Info.plist;
				LD_RUNPATH_SEARCH_PATHS = "$(inherited) @executable_path/Frameworks @loader_path/Frameworks";
				PRODUCT_NAME = "$(TARGET_NAME)";
				TEST_HOST = "$(BUILT_PRODUCTS_DIR)/HelloWorldPremium.app/HelloWorldPremium";
			};
			name = Release;
		};
		8384D9721AB3A9CE00C8561B /* Debug */ = {
			isa = XCBuildConfiguration;
			buildSettings = {
				ASSETCATALOG_COMPILER_APPICON_NAME = AppIcon;
				INFOPLIST_FILE = "HelloWorldPremium copy-Info.plist";
				LD_RUNPATH_SEARCH_PATHS = "$(inherited) @executable_path/Frameworks";
				PRODUCT_NAME = "HelloWorldPremium copy";
			};
			name = Debug;
		};
		8384D9731AB3A9CE00C8561B /* Release */ = {
			isa = XCBuildConfiguration;
			buildSettings = {
				ASSETCATALOG_COMPILER_APPICON_NAME = AppIcon;
				INFOPLIST_FILE = "HelloWorldPremium copy-Info.plist";
				LD_RUNPATH_SEARCH_PATHS = "$(inherited) @executable_path/Frameworks";
				PRODUCT_NAME = "HelloWorldPremium copy";
			};
			name = Release;
		};
/* End XCBuildConfiguration section */

/* Begin XCConfigurationList section */
		8384D9391AB3A9C000C8561B /* Build configuration list for PBXProject "HelloWorldPremium" */ = {
			isa = XCConfigurationList;
			buildConfigurations = (
				8384D95F1AB3A9C000C8561B /* Debug */,
				8384D9601AB3A9C000C8561B /* Release */,
			);
			defaultConfigurationIsVisible = 0;
			defaultConfigurationName = Release;
		};
		8384D9611AB3A9C000C8561B /* Build configuration list for PBXNativeTarget "HelloWorldPremium Paid" */ = {
			isa = XCConfigurationList;
			buildConfigurations = (
				8384D9621AB3A9C000C8561B /* Debug */,
				8384D9631AB3A9C000C8561B /* Release */,
			);
			defaultConfigurationIsVisible = 0;
		};
		8384D9641AB3A9C000C8561B /* Build configuration list for PBXNativeTarget "HelloWorldPremiumTests" */ = {
			isa = XCConfigurationList;
			buildConfigurations = (
				8384D9651AB3A9C000C8561B /* Debug */,
				8384D9661AB3A9C000C8561B /* Release */,
			);
			defaultConfigurationIsVisible = 0;
		};
		8384D9711AB3A9CE00C8561B /* Build configuration list for PBXNativeTarget "HelloWorldPremium Free" */ = {
			isa = XCConfigurationList;
			buildConfigurations = (
				8384D9721AB3A9CE00C8561B /* Debug */,
				8384D9731AB3A9CE00C8561B /* Release */,
			);
			defaultConfigurationIsVisible = 0;
			defaultConfigurationName = Release;
		};
/* End XCConfigurationList section */
	};
	rootObject = 8384D9361AB3A9BF00C8561B /* Project object */;
}
